
Microsoft Visual Studio Solution File, Format Version 12.00
# Visual Studio Version 17
VisualStudioVersion = 17.14.36623.8
MinimumVisualStudioVersion = 10.0.40219.1
Project("{FAE04EC0-301F-11D3-BF4B-00C04F79EFBC}") = "FirstProject", "FirstProject\FirstProject.csproj", "{FB9B323E-2957-4933-A32D-B4B422239A7E}"
EndProject
Project("{FAE04EC0-301F-11D3-BF4B-00C04F79EFBC}") = "Lec2 Task1", "Lec2 Task1\Lec2 Task1.csproj", "{AB930AD2-9A85-4D26-B7CD-6DB7BC7FBF4F}"
EndProject
Global
	GlobalSection(SolutionConfigurationPlatforms) = preSolution
		Debug|Any CPU = Debug|Any CPU
		Release|Any CPU = Release|Any CPU
	EndGlobalSection
	GlobalSection(ProjectConfigurationPlatforms) = postSolution
		{FB9B323E-2957-4933-A32D-B4B422239A7E}.Debug|Any CPU.ActiveCfg = Debug|Any CPU
		{FB9B323E-2957-4933-A32D-B4B422239A7E}.Debug|Any CPU.Build.0 = Debug|Any CPU
		{FB9B323E-2957-4933-A32D-B4B422239A7E}.Release|Any CPU.ActiveCfg = Release|Any CPU
		{FB9B323E-2957-4933-A32D-B4B422239A7E}.Release|Any CPU.Build.0 = Release|Any CPU
		{AB930AD2-9A85-4D26-B7CD-6DB7BC7FBF4F}.Debug|Any CPU.ActiveCfg = Debug|Any CPU
		{AB930AD2-9A85-4D26-B7CD-6DB7BC7FBF4F}.Debug|Any CPU.Build.0 = Debug|Any CPU
		{AB930AD2-9A85-4D26-B7CD-6DB7BC7FBF4F}.Release|Any CPU.ActiveCfg = Release|Any CPU
		{AB930AD2-9A85-4D26-B7CD-6DB7BC7FBF4F}.Release|Any CPU.Build.0 = Release|Any CPU
	EndGlobalSection
	GlobalSection(SolutionProperties) = preSolution
		HideSolutionNode = FALSE
	EndGlobalSection
	GlobalSection(ExtensibilityGlobals) = postSolution
		SolutionGuid = {F43A0277-3647-4BFB-A984-ADED72E61F3D}
	EndGlobalSection
EndGlobal
